
Microsoft Visual Studio Solution File, Format Version 12.00
# Visual Studio Version 17
VisualStudioVersion = 17.9.34902.65
MinimumVisualStudioVersion = 10.0.40219.1
Project("{FAE04EC0-301F-11D3-BF4B-00C04F79EFBC}") = "lab3DRAW", "lab3DRAW.csproj", "{D032F409-693F-4218-9CEE-CC22ADD420A2}"
EndProject
Global
	GlobalSection(SolutionConfigurationPlatforms) = preSolution
		Debug|Any CPU = Debug|Any CPU
		Release|Any CPU = Release|Any CPU
	EndGlobalSection
	GlobalSection(ProjectConfigurationPlatforms) = postSolution
		{D032F409-693F-4218-9CEE-CC22ADD420A2}.Debug|Any CPU.ActiveCfg = Debug|Any CPU
		{D032F409-693F-4218-9CEE-CC22ADD420A2}.Debug|Any CPU.Build.0 = Debug|Any CPU
		{D032F409-693F-4218-9CEE-CC22ADD420A2}.Release|Any CPU.ActiveCfg = Release|Any CPU
		{D032F409-693F-4218-9CEE-CC22ADD420A2}.Release|Any CPU.Build.0 = Release|Any CPU
	EndGlobalSection
	GlobalSection(SolutionProperties) = preSolution
		HideSolutionNode = FALSE
	EndGlobalSection
	GlobalSection(ExtensibilityGlobals) = postSolution
		SolutionGuid = {43172B93-B45A-4C18-BC3D-6AD878D55A8D}
	EndGlobalSection
EndGlobal
