
Microsoft Visual Studio Solution File, Format Version 12.00
# Visual Studio Version 17
VisualStudioVersion = 17.9.34902.65
MinimumVisualStudioVersion = 10.0.40219.1
Project("{FAE04EC0-301F-11D3-BF4B-00C04F79EFBC}") = "lab7 z1", "lab7 z1.csproj", "{B96704FF-291A-4767-BD42-14516B4883F8}"
EndProject
Global
	GlobalSection(SolutionConfigurationPlatforms) = preSolution
		Debug|Any CPU = Debug|Any CPU
		Release|Any CPU = Release|Any CPU
	EndGlobalSection
	GlobalSection(ProjectConfigurationPlatforms) = postSolution
		{B96704FF-291A-4767-BD42-14516B4883F8}.Debug|Any CPU.ActiveCfg = Debug|Any CPU
		{B96704FF-291A-4767-BD42-14516B4883F8}.Debug|Any CPU.Build.0 = Debug|Any CPU
		{B96704FF-291A-4767-BD42-14516B4883F8}.Release|Any CPU.ActiveCfg = Release|Any CPU
		{B96704FF-291A-4767-BD42-14516B4883F8}.Release|Any CPU.Build.0 = Release|Any CPU
	EndGlobalSection
	GlobalSection(SolutionProperties) = preSolution
		HideSolutionNode = FALSE
	EndGlobalSection
	GlobalSection(ExtensibilityGlobals) = postSolution
		SolutionGuid = {F4905F57-8BDA-4E92-A5EA-7F1FF9A1E096}
	EndGlobalSection
EndGlobal
