
Microsoft Visual Studio Solution File, Format Version 12.00
# Visual Studio Version 17
VisualStudioVersion = 17.5.33424.131
MinimumVisualStudioVersion = 10.0.40219.1
Project("{FAE04EC0-301F-11D3-BF4B-00C04F79EFBC}") = "Дополнительное задание", "Дополнительное задание.csproj", "{B9D78970-7B6B-4850-8518-EBA6003CE7C1}"
EndProject
Global
	GlobalSection(SolutionConfigurationPlatforms) = preSolution
		Debug|Any CPU = Debug|Any CPU
		Release|Any CPU = Release|Any CPU
	EndGlobalSection
	GlobalSection(ProjectConfigurationPlatforms) = postSolution
		{B9D78970-7B6B-4850-8518-EBA6003CE7C1}.Debug|Any CPU.ActiveCfg = Debug|Any CPU
		{B9D78970-7B6B-4850-8518-EBA6003CE7C1}.Debug|Any CPU.Build.0 = Debug|Any CPU
		{B9D78970-7B6B-4850-8518-EBA6003CE7C1}.Release|Any CPU.ActiveCfg = Release|Any CPU
		{B9D78970-7B6B-4850-8518-EBA6003CE7C1}.Release|Any CPU.Build.0 = Release|Any CPU
	EndGlobalSection
	GlobalSection(SolutionProperties) = preSolution
		HideSolutionNode = FALSE
	EndGlobalSection
	GlobalSection(ExtensibilityGlobals) = postSolution
		SolutionGuid = {20A576B8-EFD5-4EC2-924C-AA8D17644A4A}
	EndGlobalSection
EndGlobal
